
Microsoft Visual Studio Solution File, Format Version 12.00
# Visual Studio 15
VisualStudioVersion = 15.0.27703.2042
MinimumVisualStudioVersion = 10.0.40219.1
Project("{FAE04EC0-301F-11D3-BF4B-00C04F79EFBC}") = "CheckoutKata", "CheckoutKata\CheckoutKata.csproj", "{40F16298-2F6E-421E-853B-36A33F1C0E7D}"
EndProject
Project("{FAE04EC0-301F-11D3-BF4B-00C04F79EFBC}") = "CheckoutKata.Tests", "CheckoutKata.Tests\CheckoutKata.Tests.csproj", "{9532FAF8-A17C-43F0-8344-C2A173D2CAE7}"
EndProject
Global
	GlobalSection(SolutionConfigurationPlatforms) = preSolution
		Debug|Any CPU = Debug|Any CPU
		Release|Any CPU = Release|Any CPU
	EndGlobalSection
	GlobalSection(ProjectConfigurationPlatforms) = postSolution
		{40F16298-2F6E-421E-853B-36A33F1C0E7D}.Debug|Any CPU.ActiveCfg = Debug|Any CPU
		{40F16298-2F6E-421E-853B-36A33F1C0E7D}.Debug|Any CPU.Build.0 = Debug|Any CPU
		{40F16298-2F6E-421E-853B-36A33F1C0E7D}.Release|Any CPU.ActiveCfg = Release|Any CPU
		{40F16298-2F6E-421E-853B-36A33F1C0E7D}.Release|Any CPU.Build.0 = Release|Any CPU
		{9532FAF8-A17C-43F0-8344-C2A173D2CAE7}.Debug|Any CPU.ActiveCfg = Debug|Any CPU
		{9532FAF8-A17C-43F0-8344-C2A173D2CAE7}.Debug|Any CPU.Build.0 = Debug|Any CPU
		{9532FAF8-A17C-43F0-8344-C2A173D2CAE7}.Release|Any CPU.ActiveCfg = Release|Any CPU
		{9532FAF8-A17C-43F0-8344-C2A173D2CAE7}.Release|Any CPU.Build.0 = Release|Any CPU
	EndGlobalSection
	GlobalSection(SolutionProperties) = preSolution
		HideSolutionNode = FALSE
	EndGlobalSection
	GlobalSection(ExtensibilityGlobals) = postSolution
		SolutionGuid = {171881ED-0C61-47A6-A36F-E5E27668FF99}
	EndGlobalSection
EndGlobal
